
Microsoft Visual Studio Solution File, Format Version 12.00
# Visual Studio Version 17
VisualStudioVersion = 17.1.31911.260
MinimumVisualStudioVersion = 10.0.40219.1
Project("{FAE04EC0-301F-11D3-BF4B-00C04F79EFBC}") = "FunctionAppProcessarContagem", "FunctionAppProcessarContagem.csproj", "{27DE262B-1163-4447-8741-2BED27C65F21}"
EndProject
Global
	GlobalSection(SolutionConfigurationPlatforms) = preSolution
		Debug|Any CPU = Debug|Any CPU
		Release|Any CPU = Release|Any CPU
	EndGlobalSection
	GlobalSection(ProjectConfigurationPlatforms) = postSolution
		{27DE262B-1163-4447-8741-2BED27C65F21}.Debug|Any CPU.ActiveCfg = Debug|Any CPU
		{27DE262B-1163-4447-8741-2BED27C65F21}.Debug|Any CPU.Build.0 = Debug|Any CPU
		{27DE262B-1163-4447-8741-2BED27C65F21}.Release|Any CPU.ActiveCfg = Release|Any CPU
		{27DE262B-1163-4447-8741-2BED27C65F21}.Release|Any CPU.Build.0 = Release|Any CPU
	EndGlobalSection
	GlobalSection(SolutionProperties) = preSolution
		HideSolutionNode = FALSE
	EndGlobalSection
	GlobalSection(ExtensibilityGlobals) = postSolution
		SolutionGuid = {DFDA6CCB-B735-4107-9193-E8DAC8327936}
	EndGlobalSection
EndGlobal
